
Microsoft Visual Studio Solution File, Format Version 12.00
# Visual Studio Version 17
VisualStudioVersion = 17.13.35931.197 d17.13
MinimumVisualStudioVersion = 10.0.40219.1
Project("{FAE04EC0-301F-11D3-BF4B-00C04F79EFBC}") = "Lista_POO", "Lista_POO\Lista_POO.csproj", "{B90C2359-65A0-4239-B86E-58F472DA3A49}"
EndProject
Global
	GlobalSection(SolutionConfigurationPlatforms) = preSolution
		Debug|Any CPU = Debug|Any CPU
		Release|Any CPU = Release|Any CPU
	EndGlobalSection
	GlobalSection(ProjectConfigurationPlatforms) = postSolution
		{B90C2359-65A0-4239-B86E-58F472DA3A49}.Debug|Any CPU.ActiveCfg = Debug|Any CPU
		{B90C2359-65A0-4239-B86E-58F472DA3A49}.Debug|Any CPU.Build.0 = Debug|Any CPU
		{B90C2359-65A0-4239-B86E-58F472DA3A49}.Release|Any CPU.ActiveCfg = Release|Any CPU
		{B90C2359-65A0-4239-B86E-58F472DA3A49}.Release|Any CPU.Build.0 = Release|Any CPU
	EndGlobalSection
	GlobalSection(SolutionProperties) = preSolution
		HideSolutionNode = FALSE
	EndGlobalSection
	GlobalSection(ExtensibilityGlobals) = postSolution
		SolutionGuid = {2662F3DE-BDE6-4468-B56C-B6EA4C206F17}
	EndGlobalSection
EndGlobal
