
Microsoft Visual Studio Solution File, Format Version 12.00
# Visual Studio Version 17
VisualStudioVersion = 17.13.35931.197 d17.13
MinimumVisualStudioVersion = 10.0.40219.1
Project("{FAE04EC0-301F-11D3-BF4B-00C04F79EFBC}") = "Lista_POO", "Lista_POO\Lista_POO.csproj", "{0E3D5EC4-C5EB-45B2-90A4-4E550E6BCC0B}"
EndProject
Global
	GlobalSection(SolutionConfigurationPlatforms) = preSolution
		Debug|Any CPU = Debug|Any CPU
		Release|Any CPU = Release|Any CPU
	EndGlobalSection
	GlobalSection(ProjectConfigurationPlatforms) = postSolution
		{0E3D5EC4-C5EB-45B2-90A4-4E550E6BCC0B}.Debug|Any CPU.ActiveCfg = Debug|Any CPU
		{0E3D5EC4-C5EB-45B2-90A4-4E550E6BCC0B}.Debug|Any CPU.Build.0 = Debug|Any CPU
		{0E3D5EC4-C5EB-45B2-90A4-4E550E6BCC0B}.Release|Any CPU.ActiveCfg = Release|Any CPU
		{0E3D5EC4-C5EB-45B2-90A4-4E550E6BCC0B}.Release|Any CPU.Build.0 = Release|Any CPU
	EndGlobalSection
	GlobalSection(SolutionProperties) = preSolution
		HideSolutionNode = FALSE
	EndGlobalSection
	GlobalSection(ExtensibilityGlobals) = postSolution
		SolutionGuid = {7C6139F9-C9FF-47EA-8C68-12CED154978A}
	EndGlobalSection
EndGlobal
