
Microsoft Visual Studio Solution File, Format Version 12.00
# Visual Studio Version 17
VisualStudioVersion = 17.13.35931.197 d17.13
MinimumVisualStudioVersion = 10.0.40219.1
Project("{FAE04EC0-301F-11D3-BF4B-00C04F79EFBC}") = "ListaPOO", "ListaPOO\ListaPOO.csproj", "{B4710E63-BE66-41E7-A5AC-123770272E82}"
EndProject
Global
	GlobalSection(SolutionConfigurationPlatforms) = preSolution
		Debug|Any CPU = Debug|Any CPU
		Release|Any CPU = Release|Any CPU
	EndGlobalSection
	GlobalSection(ProjectConfigurationPlatforms) = postSolution
		{B4710E63-BE66-41E7-A5AC-123770272E82}.Debug|Any CPU.ActiveCfg = Debug|Any CPU
		{B4710E63-BE66-41E7-A5AC-123770272E82}.Debug|Any CPU.Build.0 = Debug|Any CPU
		{B4710E63-BE66-41E7-A5AC-123770272E82}.Release|Any CPU.ActiveCfg = Release|Any CPU
		{B4710E63-BE66-41E7-A5AC-123770272E82}.Release|Any CPU.Build.0 = Release|Any CPU
	EndGlobalSection
	GlobalSection(SolutionProperties) = preSolution
		HideSolutionNode = FALSE
	EndGlobalSection
	GlobalSection(ExtensibilityGlobals) = postSolution
		SolutionGuid = {0B4F9D59-5D60-4643-8E37-C3B9C5AC487D}
	EndGlobalSection
EndGlobal
