
Microsoft Visual Studio Solution File, Format Version 12.00
# Visual Studio Version 17
VisualStudioVersion = 17.13.35931.197 d17.13
MinimumVisualStudioVersion = 10.0.40219.1
Project("{FAE04EC0-301F-11D3-BF4B-00C04F79EFBC}") = "Lista_POO", "Lista_POO\Lista_POO.csproj", "{B40E5C19-F2C4-4A0A-B118-83888E5472E1}"
EndProject
Global
	GlobalSection(SolutionConfigurationPlatforms) = preSolution
		Debug|Any CPU = Debug|Any CPU
		Release|Any CPU = Release|Any CPU
	EndGlobalSection
	GlobalSection(ProjectConfigurationPlatforms) = postSolution
		{B40E5C19-F2C4-4A0A-B118-83888E5472E1}.Debug|Any CPU.ActiveCfg = Debug|Any CPU
		{B40E5C19-F2C4-4A0A-B118-83888E5472E1}.Debug|Any CPU.Build.0 = Debug|Any CPU
		{B40E5C19-F2C4-4A0A-B118-83888E5472E1}.Release|Any CPU.ActiveCfg = Release|Any CPU
		{B40E5C19-F2C4-4A0A-B118-83888E5472E1}.Release|Any CPU.Build.0 = Release|Any CPU
	EndGlobalSection
	GlobalSection(SolutionProperties) = preSolution
		HideSolutionNode = FALSE
	EndGlobalSection
	GlobalSection(ExtensibilityGlobals) = postSolution
		SolutionGuid = {6B7C9B72-D1A9-4AC1-B57A-9509B06AE070}
	EndGlobalSection
EndGlobal
